
Microsoft Visual Studio Solution File, Format Version 12.00
# Visual Studio 14
VisualStudioVersion = 14.0.24720.0
MinimumVisualStudioVersion = 10.0.40219.1
Project("{2150E333-8FDC-42A3-9474-1A3956D46DE8}") = "Solution Items", "Solution Items", "{BA200586-5C6A-4C2A-9358-378085544C26}"
	ProjectSection(SolutionItems) = preProject
		nuget\RdStationApi.Client.nuspec = nuget\RdStationApi.Client.nuspec
		README.md = README.md
		update-nuspec-version.ps1 = update-nuspec-version.ps1
	EndProjectSection
EndProject
Project("{FAE04EC0-301F-11D3-BF4B-00C04F79EFBC}") = "RdStationApi.Client", "src\RdStationApi.Client\RdStationApi.Client.csproj", "{1490F497-A173-4240-84BD-B1383D5A7B55}"
EndProject
Project("{FAE04EC0-301F-11D3-BF4B-00C04F79EFBC}") = "RdStationApi.Client.Tests", "src\RdStationApi.Client.Tests\RdStationApi.Client.Tests.csproj", "{4866C6FE-894D-4C16-A6FD-F2175B16DDE2}"
EndProject
Global
	GlobalSection(SolutionConfigurationPlatforms) = preSolution
		Debug|Any CPU = Debug|Any CPU
		Release|Any CPU = Release|Any CPU
	EndGlobalSection
	GlobalSection(ProjectConfigurationPlatforms) = postSolution
		{1490F497-A173-4240-84BD-B1383D5A7B55}.Debug|Any CPU.ActiveCfg = Debug|Any CPU
		{1490F497-A173-4240-84BD-B1383D5A7B55}.Debug|Any CPU.Build.0 = Debug|Any CPU
		{1490F497-A173-4240-84BD-B1383D5A7B55}.Release|Any CPU.ActiveCfg = Release|Any CPU
		{1490F497-A173-4240-84BD-B1383D5A7B55}.Release|Any CPU.Build.0 = Release|Any CPU
		{4866C6FE-894D-4C16-A6FD-F2175B16DDE2}.Debug|Any CPU.ActiveCfg = Debug|Any CPU
		{4866C6FE-894D-4C16-A6FD-F2175B16DDE2}.Debug|Any CPU.Build.0 = Debug|Any CPU
		{4866C6FE-894D-4C16-A6FD-F2175B16DDE2}.Release|Any CPU.ActiveCfg = Release|Any CPU
		{4866C6FE-894D-4C16-A6FD-F2175B16DDE2}.Release|Any CPU.Build.0 = Release|Any CPU
	EndGlobalSection
	GlobalSection(SolutionProperties) = preSolution
		HideSolutionNode = FALSE
	EndGlobalSection
EndGlobal
